%{"csv": {:hex, :csv, "1.4.3", "de92e2bc85bc09ec676f19f6ec2daa59ba1f0103d1da96cf0cca36342c90d93f", [:mix], [{:parallel_stream, "~> 1.0.4", [hex: :parallel_stream, optional: false]}]},
  "parallel_stream": {:hex, :parallel_stream, "1.0.5", "4c78d3e675f9eff885cbe252c89a8fc1d2fb803c0d03a914281e587834e09431", [:mix], []},
  "uuid": {:hex, :uuid, "1.1.5", "96cb36d86ee82f912efea4d50464a5df606bf3f1163d6bdbb302d98474969369", [:mix], []}}
